// !$*UTF8*$!
{
	archiveVersion = 1;
	classes = {
	};
	objectVersion = 50;
	objects = {

/* Begin PBXBuildFile section */
		9C20236022C3E480009ED0B1 /* AppDelegate.m in Sources */ = {isa = PBXBuildFile; fileRef = 9C20235F22C3E480009ED0B1 /* AppDelegate.m */; };
		9C20236322C3E480009ED0B1 /* ViewController.m in Sources */ = {isa = PBXBuildFile; fileRef = 9C20236222C3E480009ED0B1 /* ViewController.m */; };
		9C20236622C3E480009ED0B1 /* Main.storyboard in Resources */ = {isa = PBXBuildFile; fileRef = 9C20236422C3E480009ED0B1 /* Main.storyboard */; };
		9C20236822C3E482009ED0B1 /* Assets.xcassets in Resources */ = {isa = PBXBuildFile; fileRef = 9C20236722C3E482009ED0B1 /* Assets.xcassets */; };
		9C20236B22C3E482009ED0B1 /* LaunchScreen.storyboard in Resources */ = {isa = PBXBuildFile; fileRef = 9C20236922C3E482009ED0B1 /* LaunchScreen.storyboard */; };
		9C20236E22C3E482009ED0B1 /* main.m in Sources */ = {isa = PBXBuildFile; fileRef = 9C20236D22C3E482009ED0B1 /* main.m */; };
		9C20237622C3E491009ED0B1 /* CoreLocation.framework in Frameworks */ = {isa = PBXBuildFile; fileRef = 9C20237522C3E491009ED0B1 /* CoreLocation.framework */; };
		9C20237C22C54DA0009ED0B1 /* GoodParentViewController.m in Sources */ = {isa = PBXBuildFile; fileRef = 9C20237B22C54DA0009ED0B1 /* GoodParentViewController.m */; };
		9C20237F22C54EF9009ED0B1 /* BadParentViewController.m in Sources */ = {isa = PBXBuildFile; fileRef = 9C20237E22C54EF9009ED0B1 /* BadParentViewController.m */; };
		9C20238222C559FB009ED0B1 /* PlaytimeOblique.ttf in Resources */ = {isa = PBXBuildFile; fileRef = 9C20238122C559FB009ED0B1 /* PlaytimeOblique.ttf */; };
/* End PBXBuildFile section */

/* Begin PBXFileReference section */
		9C20235B22C3E480009ED0B1 /* DigitalLeashParentApp.app */ = {isa = PBXFileReference; explicitFileType = wrapper.application; includeInIndex = 0; path = DigitalLeashParentApp.app; sourceTree = BUILT_PRODUCTS_DIR; };
		9C20235E22C3E480009ED0B1 /* AppDelegate.h */ = {isa = PBXFileReference; lastKnownFileType = sourcecode.c.h; path = AppDelegate.h; sourceTree = "<group>"; };
		9C20235F22C3E480009ED0B1 /* AppDelegate.m */ = {isa = PBXFileReference; lastKnownFileType = sourcecode.c.objc; path = AppDelegate.m; sourceTree = "<group>"; };
		9C20236122C3E480009ED0B1 /* ViewController.h */ = {isa = PBXFileReference; lastKnownFileType = sourcecode.c.h; path = ViewController.h; sourceTree = "<group>"; };
		9C20236222C3E480009ED0B1 /* ViewController.m */ = {isa = PBXFileReference; lastKnownFileType = sourcecode.c.objc; path = ViewController.m; sourceTree = "<group>"; };
		9C20236522C3E480009ED0B1 /* Base */ = {isa = PBXFileReference; lastKnownFileType = file.storyboard; name = Base; path = Base.lproj/Main.storyboard; sourceTree = "<group>"; };
		9C20236722C3E482009ED0B1 /* Assets.xcassets */ = {isa = PBXFileReference; lastKnownFileType = folder.assetcatalog; path = Assets.xcassets; sourceTree = "<group>"; };
		9C20236A22C3E482009ED0B1 /* Base */ = {isa = PBXFileReference; lastKnownFileType = file.storyboard; name = Base; path = Base.lproj/LaunchScreen.storyboard; sourceTree = "<group>"; };
		9C20236C22C3E482009ED0B1 /* Info.plist */ = {isa = PBXFileReference; lastKnownFileType = text.plist.xml; path = Info.plist; sourceTree = "<group>"; };
		9C20236D22C3E482009ED0B1 /* main.m */ = {isa = PBXFileReference; lastKnownFileType = sourcecode.c.objc; path = main.m; sourceTree = "<group>"; };
		9C20237522C3E491009ED0B1 /* CoreLocation.framework */ = {isa = PBXFileReference; lastKnownFileType = wrapper.framework; name = CoreLocation.framework; path = System/Library/Frameworks/CoreLocation.framework; sourceTree = SDKROOT; };
		9C20237A22C54DA0009ED0B1 /* GoodParentViewController.h */ = {isa = PBXFileReference; lastKnownFileType = sourcecode.c.h; path = GoodParentViewController.h; sourceTree = "<group>"; };
		9C20237B22C54DA0009ED0B1 /* GoodParentViewController.m */ = {isa = PBXFileReference; lastKnownFileType = sourcecode.c.objc; path = GoodParentViewController.m; sourceTree = "<group>"; };
		9C20237D22C54EF9009ED0B1 /* BadParentViewController.h */ = {isa = PBXFileReference; lastKnownFileType = sourcecode.c.h; path = BadParentViewController.h; sourceTree = "<group>"; };
		9C20237E22C54EF9009ED0B1 /* BadParentViewController.m */ = {isa = PBXFileReference; lastKnownFileType = sourcecode.c.objc; path = BadParentViewController.m; sourceTree = "<group>"; };
		9C20238122C559FB009ED0B1 /* PlaytimeOblique.ttf */ = {isa = PBXFileReference; lastKnownFileType = file; path = PlaytimeOblique.ttf; sourceTree = "<group>"; };
/* End PBXFileReference section */

/* Begin PBXFrameworksBuildPhase section */
		9C20235822C3E480009ED0B1 /* Frameworks */ = {
			isa = PBXFrameworksBuildPhase;
			buildActionMask = 2147483647;
			files = (
				9C20237622C3E491009ED0B1 /* CoreLocation.framework in Frameworks */,
			);
			runOnlyForDeploymentPostprocessing = 0;
		};
/* End PBXFrameworksBuildPhase section */

/* Begin PBXGroup section */
		9C20235222C3E480009ED0B1 = {
			isa = PBXGroup;
			children = (
				9C20235D22C3E480009ED0B1 /* DigitalLeashParentApp */,
				9C20235C22C3E480009ED0B1 /* Products */,
				9C20237422C3E491009ED0B1 /* Frameworks */,
			);
			sourceTree = "<group>";
		};
		9C20235C22C3E480009ED0B1 /* Products */ = {
			isa = PBXGroup;
			children = (
				9C20235B22C3E480009ED0B1 /* DigitalLeashParentApp.app */,
			);
			name = Products;
			sourceTree = "<group>";
		};
		9C20235D22C3E480009ED0B1 /* DigitalLeashParentApp */ = {
			isa = PBXGroup;
			children = (
				9C20235E22C3E480009ED0B1 /* AppDelegate.h */,
				9C20235F22C3E480009ED0B1 /* AppDelegate.m */,
				9C20236122C3E480009ED0B1 /* ViewController.h */,
				9C20236222C3E480009ED0B1 /* ViewController.m */,
				9C20236422C3E480009ED0B1 /* Main.storyboard */,
				9C20237D22C54EF9009ED0B1 /* BadParentViewController.h */,
				9C20237E22C54EF9009ED0B1 /* BadParentViewController.m */,
				9C20237A22C54DA0009ED0B1 /* GoodParentViewController.h */,
				9C20237B22C54DA0009ED0B1 /* GoodParentViewController.m */,
				9C20236722C3E482009ED0B1 /* Assets.xcassets */,
				9C20236922C3E482009ED0B1 /* LaunchScreen.storyboard */,
				9C20236C22C3E482009ED0B1 /* Info.plist */,
				9C20236D22C3E482009ED0B1 /* main.m */,
				9C20238122C559FB009ED0B1 /* PlaytimeOblique.ttf */,
			);
			path = DigitalLeashParentApp;
			sourceTree = "<group>";
		};
		9C20237422C3E491009ED0B1 /* Frameworks */ = {
			isa = PBXGroup;
			children = (
				9C20237522C3E491009ED0B1 /* CoreLocation.framework */,
			);
			name = Frameworks;
			sourceTree = "<group>";
		};
/* End PBXGroup section */

/* Begin PBXNativeTarget section */
		9C20235A22C3E480009ED0B1 /* DigitalLeashParentApp */ = {
			isa = PBXNativeTarget;
			buildConfigurationList = 9C20237122C3E482009ED0B1 /* Build configuration list for PBXNativeTarget "DigitalLeashParentApp" */;
			buildPhases = (
				9C20235722C3E480009ED0B1 /* Sources */,
				9C20235822C3E480009ED0B1 /* Frameworks */,
				9C20235922C3E480009ED0B1 /* Resources */,
			);
			buildRules = (
			);
			dependencies = (
			);
			name = DigitalLeashParentApp;
			productName = DigitalLeashParentApp;
			productReference = 9C20235B22C3E480009ED0B1 /* DigitalLeashParentApp.app */;
			productType = "com.apple.product-type.application";
		};
/* End PBXNativeTarget section */

/* Begin PBXProject section */
		9C20235322C3E480009ED0B1 /* Project object */ = {
			isa = PBXProject;
			attributes = {
				LastUpgradeCheck = 1020;
				ORGANIZATIONNAME = "Christopher Noyes";
				TargetAttributes = {
					9C20235A22C3E480009ED0B1 = {
						CreatedOnToolsVersion = 10.2.1;
					};
				};
			};
			buildConfigurationList = 9C20235622C3E480009ED0B1 /* Build configuration list for PBXProject "DigitalLeashParentApp" */;
			compatibilityVersion = "Xcode 9.3";
			developmentRegion = en;
			hasScannedForEncodings = 0;
			knownRegions = (
				en,
				Base,
			);
			mainGroup = 9C20235222C3E480009ED0B1;
			productRefGroup = 9C20235C22C3E480009ED0B1 /* Products */;
			projectDirPath = "";
			projectRoot = "";
			targets = (
				9C20235A22C3E480009ED0B1 /* DigitalLeashParentApp */,
			);
		};
/* End PBXProject section */

/* Begin PBXResourcesBuildPhase section */
		9C20235922C3E480009ED0B1 /* Resources */ = {
			isa = PBXResourcesBuildPhase;
			buildActionMask = 2147483647;
			files = (
				9C20236B22C3E482009ED0B1 /* LaunchScreen.storyboard in Resources */,
				9C20238222C559FB009ED0B1 /* PlaytimeOblique.ttf in Resources */,
				9C20236822C3E482009ED0B1 /* Assets.xcassets in Resources */,
				9C20236622C3E480009ED0B1 /* Main.storyboard in Resources */,
			);
			runOnlyForDeploymentPostprocessing = 0;
		};
/* End PBXResourcesBuildPhase section */

/* Begin PBXSourcesBuildPhase section */
		9C20235722C3E480009ED0B1 /* Sources */ = {
			isa = PBXSourcesBuildPhase;
			buildActionMask = 2147483647;
			files = (
				9C20236322C3E480009ED0B1 /* ViewController.m in Sources */,
				9C20236E22C3E482009ED0B1 /* main.m in Sources */,
				9C20237F22C54EF9009ED0B1 /* BadParentViewController.m in Sources */,
				9C20236022C3E480009ED0B1 /* AppDelegate.m in Sources */,
				9C20237C22C54DA0009ED0B1 /* GoodParentViewController.m in Sources */,
			);
			runOnlyForDeploymentPostprocessing = 0;
		};
/* End PBXSourcesBuildPhase section */

/* Begin PBXVariantGroup section */
		9C20236422C3E480009ED0B1 /* Main.storyboard */ = {
			isa = PBXVariantGroup;
			children = (
				9C20236522C3E480009ED0B1 /* Base */,
			);
			name = Main.storyboard;
			sourceTree = "<group>";
		};
		9C20236922C3E482009ED0B1 /* LaunchScreen.storyboard */ = {
			isa = PBXVariantGroup;
			children = (
				9C20236A22C3E482009ED0B1 /* Base */,
			);
			name = LaunchScreen.storyboard;
			sourceTree = "<group>";
		};
/* End PBXVariantGroup section */

/* Begin XCBuildConfiguration section */
		9C20236F22C3E482009ED0B1 /* Debug */ = {
			isa = XCBuildConfiguration;
			buildSettings = {
				ALWAYS_SEARCH_USER_PATHS = NO;
				CLANG_ANALYZER_NONNULL = YES;
				CLANG_ANALYZER_NUMBER_OBJECT_CONVERSION = YES_AGGRESSIVE;
				CLANG_CXX_LANGUAGE_STANDARD = "gnu++14";
				CLANG_CXX_LIBRARY = "libc++";
				CLANG_ENABLE_MODULES = YES;
				CLANG_ENABLE_OBJC_ARC = YES;
				CLANG_ENABLE_OBJC_WEAK = YES;
				CLANG_WARN_BLOCK_CAPTURE_AUTORELEASING = YES;
				CLANG_WARN_BOOL_CONVERSION = YES;
				CLANG_WARN_COMMA = YES;
				CLANG_WARN_CONSTANT_CONVERSION = YES;
				CLANG_WARN_DEPRECATED_OBJC_IMPLEMENTATIONS = YES;
				CLANG_WARN_DIRECT_OBJC_ISA_USAGE = YES_ERROR;
				CLANG_WARN_DOCUMENTATION_COMMENTS = YES;
				CLANG_WARN_EMPTY_BODY = YES;
				CLANG_WARN_ENUM_CONVERSION = YES;
				CLANG_WARN_INFINITE_RECURSION = YES;
				CLANG_WARN_INT_CONVERSION = YES;
				CLANG_WARN_NON_LITERAL_NULL_CONVERSION = YES;
				CLANG_WARN_OBJC_IMPLICIT_RETAIN_SELF = YES;
				CLANG_WARN_OBJC_LITERAL_CONVERSION = YES;
				CLANG_WARN_OBJC_ROOT_CLASS = YES_ERROR;
				CLANG_WARN_RANGE_LOOP_ANALYSIS = YES;
				CLANG_WARN_STRICT_PROTOTYPES = YES;
				CLANG_WARN_SUSPICIOUS_MOVE = YES;
				CLANG_WARN_UNGUARDED_AVAILABILITY = YES_AGGRESSIVE;
				CLANG_WARN_UNREACHABLE_CODE = YES;
				CLANG_WARN__DUPLICATE_METHOD_MATCH = YES;
				CODE_SIGN_IDENTITY = "iPhone Developer";
				COPY_PHASE_STRIP = NO;
				DEBUG_INFORMATION_FORMAT = dwarf;
				ENABLE_STRICT_OBJC_MSGSEND = YES;
				ENABLE_TESTABILITY = YES;
				GCC_C_LANGUAGE_STANDARD = gnu11;
				GCC_DYNAMIC_NO_PIC = NO;
				GCC_NO_COMMON_BLOCKS = YES;
				GCC_OPTIMIZATION_LEVEL = 0;
				GCC_PREPROCESSOR_DEFINITIONS = (
					"DEBUG=1",
					"$(inherited)",
				);
				GCC_WARN_64_TO_32_BIT_CONVERSION = YES;
				GCC_WARN_ABOUT_RETURN_TYPE = YES_ERROR;
				GCC_WARN_UNDECLARED_SELECTOR = YES;
				GCC_WARN_UNINITIALIZED_AUTOS = YES_AGGRESSIVE;
				GCC_WARN_UNUSED_FUNCTION = YES;
				GCC_WARN_UNUSED_VARIABLE = YES;
				IPHONEOS_DEPLOYMENT_TARGET = 12.2;
				MTL_ENABLE_DEBUG_INFO = INCLUDE_SOURCE;
				MTL_FAST_MATH = YES;
				ONLY_ACTIVE_ARCH = YES;
				SDKROOT = iphoneos;
			};
			name = Debug;
		};
		9C20237022C3E482009ED0B1 /* Release */ = {
			isa = XCBuildConfiguration;
			buildSettings = {
				ALWAYS_SEARCH_USER_PATHS = NO;
				CLANG_ANALYZER_NONNULL = YES;
				CLANG_ANALYZER_NUMBER_OBJECT_CONVERSION = YES_AGGRESSIVE;
				CLANG_CXX_LANGUAGE_STANDARD = "gnu++14";
				CLANG_CXX_LIBRARY = "libc++";
				CLANG_ENABLE_MODULES = YES;
				CLANG_ENABLE_OBJC_ARC = YES;
				CLANG_ENABLE_OBJC_WEAK = YES;
				CLANG_WARN_BLOCK_CAPTURE_AUTORELEASING = YES;
				CLANG_WARN_BOOL_CONVERSION = YES;
				CLANG_WARN_COMMA = YES;
				CLANG_WARN_CONSTANT_CONVERSION = YES;
				CLANG_WARN_DEPRECATED_OBJC_IMPLEMENTATIONS = YES;
				CLANG_WARN_DIRECT_OBJC_ISA_USAGE = YES_ERROR;
				CLANG_WARN_DOCUMENTATION_COMMENTS = YES;
				CLANG_WARN_EMPTY_BODY = YES;
				CLANG_WARN_ENUM_CONVERSION = YES;
				CLANG_WARN_INFINITE_RECURSION = YES;
				CLANG_WARN_INT_CONVERSION = YES;
				CLANG_WARN_NON_LITERAL_NULL_CONVERSION = YES;
				CLANG_WARN_OBJC_IMPLICIT_RETAIN_SELF = YES;
				CLANG_WARN_OBJC_LITERAL_CONVERSION = YES;
				CLANG_WARN_OBJC_ROOT_CLASS = YES_ERROR;
				CLANG_WARN_RANGE_LOOP_ANALYSIS = YES;
				CLANG_WARN_STRICT_PROTOTYPES = YES;
				CLANG_WARN_SUSPICIOUS_MOVE = YES;
				CLANG_WARN_UNGUARDED_AVAILABILITY = YES_AGGRESSIVE;
				CLANG_WARN_UNREACHABLE_CODE = YES;
				CLANG_WARN__DUPLICATE_METHOD_MATCH = YES;
				CODE_SIGN_IDENTITY = "iPhone Developer";
				COPY_PHASE_STRIP = NO;
				DEBUG_INFORMATION_FORMAT = "dwarf-with-dsym";
				ENABLE_NS_ASSERTIONS = NO;
				ENABLE_STRICT_OBJC_MSGSEND = YES;
				GCC_C_LANGUAGE_STANDARD = gnu11;
				GCC_NO_COMMON_BLOCKS = YES;
				GCC_WARN_64_TO_32_BIT_CONVERSION = YES;
				GCC_WARN_ABOUT_RETURN_TYPE = YES_ERROR;
				GCC_WARN_UNDECLARED_SELECTOR = YES;
				GCC_WARN_UNINITIALIZED_AUTOS = YES_AGGRESSIVE;
				GCC_WARN_UNUSED_FUNCTION = YES;
				GCC_WARN_UNUSED_VARIABLE = YES;
				IPHONEOS_DEPLOYMENT_TARGET = 12.2;
				MTL_ENABLE_DEBUG_INFO = NO;
				MTL_FAST_MATH = YES;
				SDKROOT = iphoneos;
				VALIDATE_PRODUCT = YES;
			};
			name = Release;
		};
		9C20237222C3E482009ED0B1 /* Debug */ = {
			isa = XCBuildConfiguration;
			buildSettings = {
				ASSETCATALOG_COMPILER_APPICON_NAME = AppIcon;
				CODE_SIGN_STYLE = Automatic;
				DEVELOPMENT_TEAM = JZQ8C85YG5;
				INFOPLIST_FILE = DigitalLeashParentApp/Info.plist;
				LD_RUNPATH_SEARCH_PATHS = (
					"$(inherited)",
					"@executable_path/Frameworks",
				);
				PRODUCT_BUNDLE_IDENTIFIER = Chris.Noyes.DigitalLeashParentApp;
				PRODUCT_NAME = "$(TARGET_NAME)";
				TARGETED_DEVICE_FAMILY = "1,2";
			};
			name = Debug;
		};
		9C20237322C3E482009ED0B1 /* Release */ = {
			isa = XCBuildConfiguration;
			buildSettings = {
				ASSETCATALOG_COMPILER_APPICON_NAME = AppIcon;
				CODE_SIGN_STYLE = Automatic;
				DEVELOPMENT_TEAM = JZQ8C85YG5;
				INFOPLIST_FILE = DigitalLeashParentApp/Info.plist;
				LD_RUNPATH_SEARCH_PATHS = (
					"$(inherited)",
					"@executable_path/Frameworks",
				);
				PRODUCT_BUNDLE_IDENTIFIER = Chris.Noyes.DigitalLeashParentApp;
				PRODUCT_NAME = "$(TARGET_NAME)";
				TARGETED_DEVICE_FAMILY = "1,2";
			};
			name = Release;
		};
/* End XCBuildConfiguration section */

/* Begin XCConfigurationList section */
		9C20235622C3E480009ED0B1 /* Build configuration list for PBXProject "DigitalLeashParentApp" */ = {
			isa = XCConfigurationList;
			buildConfigurations = (
				9C20236F22C3E482009ED0B1 /* Debug */,
				9C20237022C3E482009ED0B1 /* Release */,
			);
			defaultConfigurationIsVisible = 0;
			defaultConfigurationName = Release;
		};
		9C20237122C3E482009ED0B1 /* Build configuration list for PBXNativeTarget "DigitalLeashParentApp" */ = {
			isa = XCConfigurationList;
			buildConfigurations = (
				9C20237222C3E482009ED0B1 /* Debug */,
				9C20237322C3E482009ED0B1 /* Release */,
			);
			defaultConfigurationIsVisible = 0;
			defaultConfigurationName = Release;
		};
/* End XCConfigurationList section */
	};
	rootObject = 9C20235322C3E480009ED0B1 /* Project object */;
}
